// !$*UTF8*$!
{
	archiveVersion = 1;
	classes = {
	};
	objectVersion = 50;
	objects = {

/* Begin PBXBuildFile section */
		D604351E26040CC4002D3767 /* AppDelegate.swift in Sources */ = {isa = PBXBuildFile; fileRef = D604351D26040CC4002D3767 /* AppDelegate.swift */; };
		D604352026040CC4002D3767 /* SceneDelegate.swift in Sources */ = {isa = PBXBuildFile; fileRef = D604351F26040CC4002D3767 /* SceneDelegate.swift */; };
		D604352226040CC4002D3767 /* ViewController.swift in Sources */ = {isa = PBXBuildFile; fileRef = D604352126040CC4002D3767 /* ViewController.swift */; };
		D604352526040CC4002D3767 /* Main.storyboard in Resources */ = {isa = PBXBuildFile; fileRef = D604352326040CC4002D3767 /* Main.storyboard */; };
		D604352726040CC5002D3767 /* Assets.xcassets in Resources */ = {isa = PBXBuildFile; fileRef = D604352626040CC5002D3767 /* Assets.xcassets */; };
		D604352A26040CC5002D3767 /* LaunchScreen.storyboard in Resources */ = {isa = PBXBuildFile; fileRef = D604352826040CC5002D3767 /* LaunchScreen.storyboard */; };
		D61CC7F8262A6E60006ED112 /* MemeDetailViewController.swift in Sources */ = {isa = PBXBuildFile; fileRef = D61CC7F7262A6E60006ED112 /* MemeDetailViewController.swift */; };
		D620BA282629E0EC0057B85B /* memeCollectionViewCell.swift in Sources */ = {isa = PBXBuildFile; fileRef = D620BA272629E0EC0057B85B /* memeCollectionViewCell.swift */; };
		D620BA2B2629E0FE0057B85B /* memeCollectionViewController.swift in Sources */ = {isa = PBXBuildFile; fileRef = D620BA2A2629E0FE0057B85B /* memeCollectionViewController.swift */; };
		D620BA322629F26B0057B85B /* TableViewController.swift in Sources */ = {isa = PBXBuildFile; fileRef = D620BA312629F26B0057B85B /* TableViewController.swift */; };
		D620BA352629F2840057B85B /* TableViewCell.swift in Sources */ = {isa = PBXBuildFile; fileRef = D620BA342629F2840057B85B /* TableViewCell.swift */; };
		D6ADAF0C261BD6140084E1F8 /* meme.swift in Sources */ = {isa = PBXBuildFile; fileRef = D6ADAF0B261BD6140084E1F8 /* meme.swift */; };
		D6BC6EAC261D0A1700CE116F /* Constants.swift in Sources */ = {isa = PBXBuildFile; fileRef = D6BC6EAB261D0A1700CE116F /* Constants.swift */; };
/* End PBXBuildFile section */

/* Begin PBXFileReference section */
		D604351A26040CC4002D3767 /* MemeME 1.0.app */ = {isa = PBXFileReference; explicitFileType = wrapper.application; includeInIndex = 0; path = "MemeME 1.0.app"; sourceTree = BUILT_PRODUCTS_DIR; };
		D604351D26040CC4002D3767 /* AppDelegate.swift */ = {isa = PBXFileReference; lastKnownFileType = sourcecode.swift; path = AppDelegate.swift; sourceTree = "<group>"; };
		D604351F26040CC4002D3767 /* SceneDelegate.swift */ = {isa = PBXFileReference; lastKnownFileType = sourcecode.swift; path = SceneDelegate.swift; sourceTree = "<group>"; };
		D604352126040CC4002D3767 /* ViewController.swift */ = {isa = PBXFileReference; lastKnownFileType = sourcecode.swift; path = ViewController.swift; sourceTree = "<group>"; };
		D604352426040CC4002D3767 /* Base */ = {isa = PBXFileReference; lastKnownFileType = file.storyboard; name = Base; path = Base.lproj/Main.storyboard; sourceTree = "<group>"; };
		D604352626040CC5002D3767 /* Assets.xcassets */ = {isa = PBXFileReference; lastKnownFileType = folder.assetcatalog; path = Assets.xcassets; sourceTree = "<group>"; };
		D604352926040CC5002D3767 /* Base */ = {isa = PBXFileReference; lastKnownFileType = file.storyboard; name = Base; path = Base.lproj/LaunchScreen.storyboard; sourceTree = "<group>"; };
		D604352B26040CC5002D3767 /* Info.plist */ = {isa = PBXFileReference; lastKnownFileType = text.plist.xml; path = Info.plist; sourceTree = "<group>"; };
		D61CC7F7262A6E60006ED112 /* MemeDetailViewController.swift */ = {isa = PBXFileReference; lastKnownFileType = sourcecode.swift; path = MemeDetailViewController.swift; sourceTree = "<group>"; };
		D620BA272629E0EC0057B85B /* memeCollectionViewCell.swift */ = {isa = PBXFileReference; lastKnownFileType = sourcecode.swift; path = memeCollectionViewCell.swift; sourceTree = "<group>"; };
		D620BA2A2629E0FE0057B85B /* memeCollectionViewController.swift */ = {isa = PBXFileReference; lastKnownFileType = sourcecode.swift; path = memeCollectionViewController.swift; sourceTree = "<group>"; };
		D620BA312629F26B0057B85B /* TableViewController.swift */ = {isa = PBXFileReference; lastKnownFileType = sourcecode.swift; path = TableViewController.swift; sourceTree = "<group>"; };
		D620BA342629F2840057B85B /* TableViewCell.swift */ = {isa = PBXFileReference; lastKnownFileType = sourcecode.swift; path = TableViewCell.swift; sourceTree = "<group>"; };
		D6ADAF0B261BD6140084E1F8 /* meme.swift */ = {isa = PBXFileReference; lastKnownFileType = sourcecode.swift; path = meme.swift; sourceTree = "<group>"; };
		D6BC6EAB261D0A1700CE116F /* Constants.swift */ = {isa = PBXFileReference; lastKnownFileType = sourcecode.swift; path = Constants.swift; sourceTree = "<group>"; };
/* End PBXFileReference section */

/* Begin PBXFrameworksBuildPhase section */
		D604351726040CC4002D3767 /* Frameworks */ = {
			isa = PBXFrameworksBuildPhase;
			buildActionMask = 2147483647;
			files = (
			);
			runOnlyForDeploymentPostprocessing = 0;
		};
/* End PBXFrameworksBuildPhase section */

/* Begin PBXGroup section */
		D604351126040CC4002D3767 = {
			isa = PBXGroup;
			children = (
				D604351C26040CC4002D3767 /* MemeME 1.0 */,
				D604351B26040CC4002D3767 /* Products */,
			);
			sourceTree = "<group>";
		};
		D604351B26040CC4002D3767 /* Products */ = {
			isa = PBXGroup;
			children = (
				D604351A26040CC4002D3767 /* MemeME 1.0.app */,
			);
			name = Products;
			sourceTree = "<group>";
		};
		D604351C26040CC4002D3767 /* MemeME 1.0 */ = {
			isa = PBXGroup;
			children = (
				D67E25C8262A2211001A3D53 /* Resources */,
				D67E25C3262A2149001A3D53 /* View */,
				D6ADAE532628B0F5001D7C05 /* View Controllers */,
				D604352B26040CC5002D3767 /* Info.plist */,
				D67E25C6262A21E0001A3D53 /* Model */,
			);
			path = "MemeME 1.0";
			sourceTree = "<group>";
		};
		D67E25C3262A2149001A3D53 /* View */ = {
			isa = PBXGroup;
			children = (
				D620BA272629E0EC0057B85B /* memeCollectionViewCell.swift */,
				D620BA342629F2840057B85B /* TableViewCell.swift */,
			);
			path = View;
			sourceTree = "<group>";
		};
		D67E25C6262A21E0001A3D53 /* Model */ = {
			isa = PBXGroup;
			children = (
				D6BC6EAB261D0A1700CE116F /* Constants.swift */,
				D6ADAF0B261BD6140084E1F8 /* meme.swift */,
			);
			path = Model;
			sourceTree = "<group>";
		};
		D67E25C8262A2211001A3D53 /* Resources */ = {
			isa = PBXGroup;
			children = (
				D604351D26040CC4002D3767 /* AppDelegate.swift */,
				D604351F26040CC4002D3767 /* SceneDelegate.swift */,
				D604352326040CC4002D3767 /* Main.storyboard */,
				D604352626040CC5002D3767 /* Assets.xcassets */,
				D604352826040CC5002D3767 /* LaunchScreen.storyboard */,
			);
			path = Resources;
			sourceTree = "<group>";
		};
		D6ADAE532628B0F5001D7C05 /* View Controllers */ = {
			isa = PBXGroup;
			children = (
				D604352126040CC4002D3767 /* ViewController.swift */,
				D620BA2A2629E0FE0057B85B /* memeCollectionViewController.swift */,
				D620BA312629F26B0057B85B /* TableViewController.swift */,
				D61CC7F7262A6E60006ED112 /* MemeDetailViewController.swift */,
			);
			path = "View Controllers";
			sourceTree = "<group>";
		};
/* End PBXGroup section */

/* Begin PBXNativeTarget section */
		D604351926040CC4002D3767 /* MemeME 1.0 */ = {
			isa = PBXNativeTarget;
			buildConfigurationList = D604352E26040CC5002D3767 /* Build configuration list for PBXNativeTarget "MemeME 1.0" */;
			buildPhases = (
				D604351626040CC4002D3767 /* Sources */,
				D604351726040CC4002D3767 /* Frameworks */,
				D604351826040CC4002D3767 /* Resources */,
			);
			buildRules = (
			);
			dependencies = (
			);
			name = "MemeME 1.0";
			productName = "MemeME 1.0";
			productReference = D604351A26040CC4002D3767 /* MemeME 1.0.app */;
			productType = "com.apple.product-type.application";
		};
/* End PBXNativeTarget section */

/* Begin PBXProject section */
		D604351226040CC4002D3767 /* Project object */ = {
			isa = PBXProject;
			attributes = {
				LastSwiftUpdateCheck = 1240;
				LastUpgradeCheck = 1240;
				TargetAttributes = {
					D604351926040CC4002D3767 = {
						CreatedOnToolsVersion = 12.4;
					};
				};
			};
			buildConfigurationList = D604351526040CC4002D3767 /* Build configuration list for PBXProject "MemeME 1.0" */;
			compatibilityVersion = "Xcode 9.3";
			developmentRegion = en;
			hasScannedForEncodings = 0;
			knownRegions = (
				en,
				Base,
			);
			mainGroup = D604351126040CC4002D3767;
			productRefGroup = D604351B26040CC4002D3767 /* Products */;
			projectDirPath = "";
			projectRoot = "";
			targets = (
				D604351926040CC4002D3767 /* MemeME 1.0 */,
			);
		};
/* End PBXProject section */

/* Begin PBXResourcesBuildPhase section */
		D604351826040CC4002D3767 /* Resources */ = {
			isa = PBXResourcesBuildPhase;
			buildActionMask = 2147483647;
			files = (
				D604352A26040CC5002D3767 /* LaunchScreen.storyboard in Resources */,
				D604352726040CC5002D3767 /* Assets.xcassets in Resources */,
				D604352526040CC4002D3767 /* Main.storyboard in Resources */,
			);
			runOnlyForDeploymentPostprocessing = 0;
		};
/* End PBXResourcesBuildPhase section */

/* Begin PBXSourcesBuildPhase section */
		D604351626040CC4002D3767 /* Sources */ = {
			isa = PBXSourcesBuildPhase;
			buildActionMask = 2147483647;
			files = (
				D6BC6EAC261D0A1700CE116F /* Constants.swift in Sources */,
				D6ADAF0C261BD6140084E1F8 /* meme.swift in Sources */,
				D604352226040CC4002D3767 /* ViewController.swift in Sources */,
				D620BA352629F2840057B85B /* TableViewCell.swift in Sources */,
				D620BA322629F26B0057B85B /* TableViewController.swift in Sources */,
				D620BA2B2629E0FE0057B85B /* memeCollectionViewController.swift in Sources */,
				D604351E26040CC4002D3767 /* AppDelegate.swift in Sources */,
				D620BA282629E0EC0057B85B /* memeCollectionViewCell.swift in Sources */,
				D604352026040CC4002D3767 /* SceneDelegate.swift in Sources */,
				D61CC7F8262A6E60006ED112 /* MemeDetailViewController.swift in Sources */,
			);
			runOnlyForDeploymentPostprocessing = 0;
		};
/* End PBXSourcesBuildPhase section */

/* Begin PBXVariantGroup section */
		D604352326040CC4002D3767 /* Main.storyboard */ = {
			isa = PBXVariantGroup;
			children = (
				D604352426040CC4002D3767 /* Base */,
			);
			name = Main.storyboard;
			sourceTree = "<group>";
		};
		D604352826040CC5002D3767 /* LaunchScreen.storyboard */ = {
			isa = PBXVariantGroup;
			children = (
				D604352926040CC5002D3767 /* Base */,
			);
			name = LaunchScreen.storyboard;
			sourceTree = "<group>";
		};
/* End PBXVariantGroup section */

/* Begin XCBuildConfiguration section */
		D604352C26040CC5002D3767 /* Debug */ = {
			isa = XCBuildConfiguration;
			buildSettings = {
				ALWAYS_SEARCH_USER_PATHS = NO;
				CLANG_ANALYZER_NONNULL = YES;
				CLANG_ANALYZER_NUMBER_OBJECT_CONVERSION = YES_AGGRESSIVE;
				CLANG_CXX_LANGUAGE_STANDARD = "gnu++14";
				CLANG_CXX_LIBRARY = "libc++";
				CLANG_ENABLE_MODULES = YES;
				CLANG_ENABLE_OBJC_ARC = YES;
				CLANG_ENABLE_OBJC_WEAK = YES;
				CLANG_WARN_BLOCK_CAPTURE_AUTORELEASING = YES;
				CLANG_WARN_BOOL_CONVERSION = YES;
				CLANG_WARN_COMMA = YES;
				CLANG_WARN_CONSTANT_CONVERSION = YES;
				CLANG_WARN_DEPRECATED_OBJC_IMPLEMENTATIONS = YES;
				CLANG_WARN_DIRECT_OBJC_ISA_USAGE = YES_ERROR;
				CLANG_WARN_DOCUMENTATION_COMMENTS = YES;
				CLANG_WARN_EMPTY_BODY = YES;
				CLANG_WARN_ENUM_CONVERSION = YES;
				CLANG_WARN_INFINITE_RECURSION = YES;
				CLANG_WARN_INT_CONVERSION = YES;
				CLANG_WARN_NON_LITERAL_NULL_CONVERSION = YES;
				CLANG_WARN_OBJC_IMPLICIT_RETAIN_SELF = YES;
				CLANG_WARN_OBJC_LITERAL_CONVERSION = YES;
				CLANG_WARN_OBJC_ROOT_CLASS = YES_ERROR;
				CLANG_WARN_QUOTED_INCLUDE_IN_FRAMEWORK_HEADER = YES;
				CLANG_WARN_RANGE_LOOP_ANALYSIS = YES;
				CLANG_WARN_STRICT_PROTOTYPES = YES;
				CLANG_WARN_SUSPICIOUS_MOVE = YES;
				CLANG_WARN_UNGUARDED_AVAILABILITY = YES_AGGRESSIVE;
				CLANG_WARN_UNREACHABLE_CODE = YES;
				CLANG_WARN__DUPLICATE_METHOD_MATCH = YES;
				COPY_PHASE_STRIP = NO;
				DEBUG_INFORMATION_FORMAT = dwarf;
				ENABLE_STRICT_OBJC_MSGSEND = YES;
				ENABLE_TESTABILITY = YES;
				GCC_C_LANGUAGE_STANDARD = gnu11;
				GCC_DYNAMIC_NO_PIC = NO;
				GCC_NO_COMMON_BLOCKS = YES;
				GCC_OPTIMIZATION_LEVEL = 0;
				GCC_PREPROCESSOR_DEFINITIONS = (
					"DEBUG=1",
					"$(inherited)",
				);
				GCC_WARN_64_TO_32_BIT_CONVERSION = YES;
				GCC_WARN_ABOUT_RETURN_TYPE = YES_ERROR;
				GCC_WARN_UNDECLARED_SELECTOR = YES;
				GCC_WARN_UNINITIALIZED_AUTOS = YES_AGGRESSIVE;
				GCC_WARN_UNUSED_FUNCTION = YES;
				GCC_WARN_UNUSED_VARIABLE = YES;
				IPHONEOS_DEPLOYMENT_TARGET = 14.4;
				MTL_ENABLE_DEBUG_INFO = INCLUDE_SOURCE;
				MTL_FAST_MATH = YES;
				ONLY_ACTIVE_ARCH = YES;
				SDKROOT = iphoneos;
				SWIFT_ACTIVE_COMPILATION_CONDITIONS = DEBUG;
				SWIFT_OPTIMIZATION_LEVEL = "-Onone";
			};
			name = Debug;
		};
		D604352D26040CC5002D3767 /* Release */ = {
			isa = XCBuildConfiguration;
			buildSettings = {
				ALWAYS_SEARCH_USER_PATHS = NO;
				CLANG_ANALYZER_NONNULL = YES;
				CLANG_ANALYZER_NUMBER_OBJECT_CONVERSION = YES_AGGRESSIVE;
				CLANG_CXX_LANGUAGE_STANDARD = "gnu++14";
				CLANG_CXX_LIBRARY = "libc++";
				CLANG_ENABLE_MODULES = YES;
				CLANG_ENABLE_OBJC_ARC = YES;
				CLANG_ENABLE_OBJC_WEAK = YES;
				CLANG_WARN_BLOCK_CAPTURE_AUTORELEASING = YES;
				CLANG_WARN_BOOL_CONVERSION = YES;
				CLANG_WARN_COMMA = YES;
				CLANG_WARN_CONSTANT_CONVERSION = YES;
				CLANG_WARN_DEPRECATED_OBJC_IMPLEMENTATIONS = YES;
				CLANG_WARN_DIRECT_OBJC_ISA_USAGE = YES_ERROR;
				CLANG_WARN_DOCUMENTATION_COMMENTS = YES;
				CLANG_WARN_EMPTY_BODY = YES;
				CLANG_WARN_ENUM_CONVERSION = YES;
				CLANG_WARN_INFINITE_RECURSION = YES;
				CLANG_WARN_INT_CONVERSION = YES;
				CLANG_WARN_NON_LITERAL_NULL_CONVERSION = YES;
				CLANG_WARN_OBJC_IMPLICIT_RETAIN_SELF = YES;
				CLANG_WARN_OBJC_LITERAL_CONVERSION = YES;
				CLANG_WARN_OBJC_ROOT_CLASS = YES_ERROR;
				CLANG_WARN_QUOTED_INCLUDE_IN_FRAMEWORK_HEADER = YES;
				CLANG_WARN_RANGE_LOOP_ANALYSIS = YES;
				CLANG_WARN_STRICT_PROTOTYPES = YES;
				CLANG_WARN_SUSPICIOUS_MOVE = YES;
				CLANG_WARN_UNGUARDED_AVAILABILITY = YES_AGGRESSIVE;
				CLANG_WARN_UNREACHABLE_CODE = YES;
				CLANG_WARN__DUPLICATE_METHOD_MATCH = YES;
				COPY_PHASE_STRIP = NO;
				DEBUG_INFORMATION_FORMAT = "dwarf-with-dsym";
				ENABLE_NS_ASSERTIONS = NO;
				ENABLE_STRICT_OBJC_MSGSEND = YES;
				GCC_C_LANGUAGE_STANDARD = gnu11;
				GCC_NO_COMMON_BLOCKS = YES;
				GCC_WARN_64_TO_32_BIT_CONVERSION = YES;
				GCC_WARN_ABOUT_RETURN_TYPE = YES_ERROR;
				GCC_WARN_UNDECLARED_SELECTOR = YES;
				GCC_WARN_UNINITIALIZED_AUTOS = YES_AGGRESSIVE;
				GCC_WARN_UNUSED_FUNCTION = YES;
				GCC_WARN_UNUSED_VARIABLE = YES;
				IPHONEOS_DEPLOYMENT_TARGET = 14.4;
				MTL_ENABLE_DEBUG_INFO = NO;
				MTL_FAST_MATH = YES;
				SDKROOT = iphoneos;
				SWIFT_COMPILATION_MODE = wholemodule;
				SWIFT_OPTIMIZATION_LEVEL = "-O";
				VALIDATE_PRODUCT = YES;
			};
			name = Release;
		};
		D604352F26040CC5002D3767 /* Debug */ = {
			isa = XCBuildConfiguration;
			buildSettings = {
				ASSETCATALOG_COMPILER_APPICON_NAME = AppIcon;
				ASSETCATALOG_COMPILER_GLOBAL_ACCENT_COLOR_NAME = AccentColor;
				CODE_SIGN_STYLE = Automatic;
				DEVELOPMENT_TEAM = SJG2A7QTCS;
				INFOPLIST_FILE = "MemeME 1.0/Info.plist";
				LD_RUNPATH_SEARCH_PATHS = (
					"$(inherited)",
					"@executable_path/Frameworks",
				);
				PRODUCT_BUNDLE_IDENTIFIER = "com.cebanion.MemeME-1-0";
				PRODUCT_NAME = "$(TARGET_NAME)";
				SWIFT_VERSION = 5.0;
				TARGETED_DEVICE_FAMILY = "1,2";
			};
			name = Debug;
		};
		D604353026040CC5002D3767 /* Release */ = {
			isa = XCBuildConfiguration;
			buildSettings = {
				ASSETCATALOG_COMPILER_APPICON_NAME = AppIcon;
				ASSETCATALOG_COMPILER_GLOBAL_ACCENT_COLOR_NAME = AccentColor;
				CODE_SIGN_STYLE = Automatic;
				DEVELOPMENT_TEAM = SJG2A7QTCS;
				INFOPLIST_FILE = "MemeME 1.0/Info.plist";
				LD_RUNPATH_SEARCH_PATHS = (
					"$(inherited)",
					"@executable_path/Frameworks",
				);
				PRODUCT_BUNDLE_IDENTIFIER = "com.cebanion.MemeME-1-0";
				PRODUCT_NAME = "$(TARGET_NAME)";
				SWIFT_VERSION = 5.0;
				TARGETED_DEVICE_FAMILY = "1,2";
			};
			name = Release;
		};
/* End XCBuildConfiguration section */

/* Begin XCConfigurationList section */
		D604351526040CC4002D3767 /* Build configuration list for PBXProject "MemeME 1.0" */ = {
			isa = XCConfigurationList;
			buildConfigurations = (
				D604352C26040CC5002D3767 /* Debug */,
				D604352D26040CC5002D3767 /* Release */,
			);
			defaultConfigurationIsVisible = 0;
			defaultConfigurationName = Release;
		};
		D604352E26040CC5002D3767 /* Build configuration list for PBXNativeTarget "MemeME 1.0" */ = {
			isa = XCConfigurationList;
			buildConfigurations = (
				D604352F26040CC5002D3767 /* Debug */,
				D604353026040CC5002D3767 /* Release */,
			);
			defaultConfigurationIsVisible = 0;
			defaultConfigurationName = Release;
		};
/* End XCConfigurationList section */
	};
	rootObject = D604351226040CC4002D3767 /* Project object */;
}
